
Microsoft Visual Studio Solution File, Format Version 12.00
# Visual Studio 14
VisualStudioVersion = 14.0.25420.1
MinimumVisualStudioVersion = 10.0.40219.1
Project("{FAE04EC0-301F-11D3-BF4B-00C04F79EFBC}") = "Przychodnia", "Przychodnia\Przychodnia.csproj", "{0472B09B-9671-4434-AC64-DA75284CAB0F}"
EndProject
Project("{FAE04EC0-301F-11D3-BF4B-00C04F79EFBC}") = "Data", "PrzychodniaData\Data.csproj", "{48D23079-0FA9-402F-902B-893C70517596}"
EndProject
Global
	GlobalSection(SolutionConfigurationPlatforms) = preSolution
		Debug|Any CPU = Debug|Any CPU
		Release|Any CPU = Release|Any CPU
	EndGlobalSection
	GlobalSection(ProjectConfigurationPlatforms) = postSolution
		{0472B09B-9671-4434-AC64-DA75284CAB0F}.Debug|Any CPU.ActiveCfg = Debug|Any CPU
		{0472B09B-9671-4434-AC64-DA75284CAB0F}.Debug|Any CPU.Build.0 = Debug|Any CPU
		{0472B09B-9671-4434-AC64-DA75284CAB0F}.Release|Any CPU.ActiveCfg = Release|Any CPU
		{0472B09B-9671-4434-AC64-DA75284CAB0F}.Release|Any CPU.Build.0 = Release|Any CPU
		{48D23079-0FA9-402F-902B-893C70517596}.Debug|Any CPU.ActiveCfg = Debug|Any CPU
		{48D23079-0FA9-402F-902B-893C70517596}.Debug|Any CPU.Build.0 = Debug|Any CPU
		{48D23079-0FA9-402F-902B-893C70517596}.Release|Any CPU.ActiveCfg = Release|Any CPU
		{48D23079-0FA9-402F-902B-893C70517596}.Release|Any CPU.Build.0 = Release|Any CPU
	EndGlobalSection
	GlobalSection(SolutionProperties) = preSolution
		HideSolutionNode = FALSE
	EndGlobalSection
EndGlobal
